
Microsoft Visual Studio Solution File, Format Version 12.00
# Visual Studio 15
VisualStudioVersion = 15.0.28307.106
MinimumVisualStudioVersion = 10.0.40219.1
Project("{9A19103F-16F7-4668-BE54-9A1E7A4F7556}") = "NameThatTuneBot", "NameThatTuneBot\NameThatTuneBot.csproj", "{F44017EA-A9C7-4FC1-ACC6-0EA6B031A876}"
EndProject
Project("{FAE04EC0-301F-11D3-BF4B-00C04F79EFBC}") = "BotTest", "BotTest\BotTest.csproj", "{E27D0B31-5CC5-4552-BA45-CB20DCFA85BE}"
EndProject
Global
	GlobalSection(SolutionConfigurationPlatforms) = preSolution
		Debug|Any CPU = Debug|Any CPU
		Release|Any CPU = Release|Any CPU
	EndGlobalSection
	GlobalSection(ProjectConfigurationPlatforms) = postSolution
		{F44017EA-A9C7-4FC1-ACC6-0EA6B031A876}.Debug|Any CPU.ActiveCfg = Debug|Any CPU
		{F44017EA-A9C7-4FC1-ACC6-0EA6B031A876}.Debug|Any CPU.Build.0 = Debug|Any CPU
		{F44017EA-A9C7-4FC1-ACC6-0EA6B031A876}.Release|Any CPU.ActiveCfg = Release|Any CPU
		{F44017EA-A9C7-4FC1-ACC6-0EA6B031A876}.Release|Any CPU.Build.0 = Release|Any CPU
		{E27D0B31-5CC5-4552-BA45-CB20DCFA85BE}.Debug|Any CPU.ActiveCfg = Debug|Any CPU
		{E27D0B31-5CC5-4552-BA45-CB20DCFA85BE}.Debug|Any CPU.Build.0 = Debug|Any CPU
		{E27D0B31-5CC5-4552-BA45-CB20DCFA85BE}.Release|Any CPU.ActiveCfg = Release|Any CPU
		{E27D0B31-5CC5-4552-BA45-CB20DCFA85BE}.Release|Any CPU.Build.0 = Release|Any CPU
	EndGlobalSection
	GlobalSection(SolutionProperties) = preSolution
		HideSolutionNode = FALSE
	EndGlobalSection
	GlobalSection(ExtensibilityGlobals) = postSolution
		SolutionGuid = {82B1194A-3F22-493F-AE25-85D4B4CA1AE4}
	EndGlobalSection
EndGlobal
